
Microsoft Visual Studio Solution File, Format Version 12.00
# Visual Studio 15
VisualStudioVersion = 15.0.26730.16
MinimumVisualStudioVersion = 10.0.40219.1
Project("{9A19103F-16F7-4668-BE54-9A1E7A4F7556}") = "CoreSystem.Documentation", "CoreSystem.Documentation\CoreSystem.Documentation.csproj", "{66CB798C-2747-45C2-B107-D371C75ED64B}"
EndProject
Project("{9A19103F-16F7-4668-BE54-9A1E7A4F7556}") = "CoreLibrary.AuthServer", "CoreLibrary.AuthServer\CoreLibrary.AuthServer.csproj", "{8B85ECFD-B759-44FD-8FDE-614AD225833A}"
EndProject
Project("{9A19103F-16F7-4668-BE54-9A1E7A4F7556}") = "CoreLibrary.Cryptography", "CoreLibrary.Cryptography\CoreLibrary.Cryptography.csproj", "{F1C6FBE4-814B-4D6E-97F0-D5070A93DADF}"
EndProject
Project("{9A19103F-16F7-4668-BE54-9A1E7A4F7556}") = "CoreLibrary.NetSecurity", "CoreLibrary.NetSecurity\CoreLibrary.NetSecurity.csproj", "{2C8D3756-46FB-4F9E-BC0E-8A159A3E7981}"
EndProject
Project("{9A19103F-16F7-4668-BE54-9A1E7A4F7556}") = "CoreLibrary.ResourceServer", "CoreLibrary.ResourceServer\CoreLibrary.ResourceServer.csproj", "{0D4AA7FB-C895-4C6A-8C65-5CFA9496A276}"
EndProject
Project("{9A19103F-16F7-4668-BE54-9A1E7A4F7556}") = "CoreSystem.AuthServer", "CoreSystem.AuthServer\CoreSystem.AuthServer.csproj", "{1F059F5C-238C-4033-B530-1145B7748349}"
EndProject
Project("{9A19103F-16F7-4668-BE54-9A1E7A4F7556}") = "CoreSystem.ResourceServer", "CoreSystem.ResourceServer\CoreSystem.ResourceServer.csproj", "{BF6A5E23-65C8-4E1E-802B-5C545A397C87}"
EndProject
Project("{9A19103F-16F7-4668-BE54-9A1E7A4F7556}") = "CoreSystem.FileServer", "CoreSystem.FileServer\CoreSystem.FileServer.csproj", "{8793F163-7DFA-451F-8179-05DF82CED52C}"
EndProject
Project("{9A19103F-16F7-4668-BE54-9A1E7A4F7556}") = "CoreLibrary.EntityFramework", "CoreLibrary.EntityFramework\CoreLibrary.EntityFramework.csproj", "{2CB67353-BEBA-447D-8910-6142DE09B383}"
EndProject
Project("{9A19103F-16F7-4668-BE54-9A1E7A4F7556}") = "CoreLibrary", "CoreLibrary\CoreLibrary.csproj", "{D2332451-A7FE-4586-AE9E-0DCAB0FF1D2E}"
EndProject
Project("{9A19103F-16F7-4668-BE54-9A1E7A4F7556}") = "CoreLibrary.Linq", "CoreLibrary.Linq\CoreLibrary.Linq.csproj", "{4FC76796-EA68-478F-889C-F87882DDA023}"
EndProject
Project("{9A19103F-16F7-4668-BE54-9A1E7A4F7556}") = "CoreSystem", "CoreSystem\CoreSystem.csproj", "{EF4CB4C5-6B22-4876-9F87-846ACAB6BE7F}"
EndProject
Project("{9A19103F-16F7-4668-BE54-9A1E7A4F7556}") = "CoreSystem.EntityFramework", "CoreSystem.EntityFramework\CoreSystem.EntityFramework.csproj", "{2FB82E66-1078-4631-8814-EBED96C6C0B4}"
EndProject
Project("{9A19103F-16F7-4668-BE54-9A1E7A4F7556}") = "CoreSystem.DevDeploy", "CoreSystem.DevDeploy\CoreSystem.DevDeploy.csproj", "{39E35907-20F6-45CD-AB63-BDC57A6A2D4D}"
EndProject
Project("{9A19103F-16F7-4668-BE54-9A1E7A4F7556}") = "CoreLibrary.FileServer", "CoreLibrary.FileServer\CoreLibrary.FileServer.csproj", "{614150B7-7072-49BB-82EB-2A4E36A35DF8}"
EndProject
Global
	GlobalSection(SolutionConfigurationPlatforms) = preSolution
		Debug|Any CPU = Debug|Any CPU
		Release|Any CPU = Release|Any CPU
	EndGlobalSection
	GlobalSection(ProjectConfigurationPlatforms) = postSolution
		{66CB798C-2747-45C2-B107-D371C75ED64B}.Debug|Any CPU.ActiveCfg = Debug|Any CPU
		{66CB798C-2747-45C2-B107-D371C75ED64B}.Debug|Any CPU.Build.0 = Debug|Any CPU
		{66CB798C-2747-45C2-B107-D371C75ED64B}.Release|Any CPU.ActiveCfg = Release|Any CPU
		{66CB798C-2747-45C2-B107-D371C75ED64B}.Release|Any CPU.Build.0 = Release|Any CPU
		{8B85ECFD-B759-44FD-8FDE-614AD225833A}.Debug|Any CPU.ActiveCfg = Debug|Any CPU
		{8B85ECFD-B759-44FD-8FDE-614AD225833A}.Debug|Any CPU.Build.0 = Debug|Any CPU
		{8B85ECFD-B759-44FD-8FDE-614AD225833A}.Release|Any CPU.ActiveCfg = Release|Any CPU
		{8B85ECFD-B759-44FD-8FDE-614AD225833A}.Release|Any CPU.Build.0 = Release|Any CPU
		{F1C6FBE4-814B-4D6E-97F0-D5070A93DADF}.Debug|Any CPU.ActiveCfg = Debug|Any CPU
		{F1C6FBE4-814B-4D6E-97F0-D5070A93DADF}.Debug|Any CPU.Build.0 = Debug|Any CPU
		{F1C6FBE4-814B-4D6E-97F0-D5070A93DADF}.Release|Any CPU.ActiveCfg = Release|Any CPU
		{F1C6FBE4-814B-4D6E-97F0-D5070A93DADF}.Release|Any CPU.Build.0 = Release|Any CPU
		{2C8D3756-46FB-4F9E-BC0E-8A159A3E7981}.Debug|Any CPU.ActiveCfg = Debug|Any CPU
		{2C8D3756-46FB-4F9E-BC0E-8A159A3E7981}.Debug|Any CPU.Build.0 = Debug|Any CPU
		{2C8D3756-46FB-4F9E-BC0E-8A159A3E7981}.Release|Any CPU.ActiveCfg = Release|Any CPU
		{2C8D3756-46FB-4F9E-BC0E-8A159A3E7981}.Release|Any CPU.Build.0 = Release|Any CPU
		{0D4AA7FB-C895-4C6A-8C65-5CFA9496A276}.Debug|Any CPU.ActiveCfg = Debug|Any CPU
		{0D4AA7FB-C895-4C6A-8C65-5CFA9496A276}.Debug|Any CPU.Build.0 = Debug|Any CPU
		{0D4AA7FB-C895-4C6A-8C65-5CFA9496A276}.Release|Any CPU.ActiveCfg = Release|Any CPU
		{0D4AA7FB-C895-4C6A-8C65-5CFA9496A276}.Release|Any CPU.Build.0 = Release|Any CPU
		{1F059F5C-238C-4033-B530-1145B7748349}.Debug|Any CPU.ActiveCfg = Debug|Any CPU
		{1F059F5C-238C-4033-B530-1145B7748349}.Debug|Any CPU.Build.0 = Debug|Any CPU
		{1F059F5C-238C-4033-B530-1145B7748349}.Release|Any CPU.ActiveCfg = Release|Any CPU
		{1F059F5C-238C-4033-B530-1145B7748349}.Release|Any CPU.Build.0 = Release|Any CPU
		{BF6A5E23-65C8-4E1E-802B-5C545A397C87}.Debug|Any CPU.ActiveCfg = Debug|Any CPU
		{BF6A5E23-65C8-4E1E-802B-5C545A397C87}.Debug|Any CPU.Build.0 = Debug|Any CPU
		{BF6A5E23-65C8-4E1E-802B-5C545A397C87}.Release|Any CPU.ActiveCfg = Release|Any CPU
		{BF6A5E23-65C8-4E1E-802B-5C545A397C87}.Release|Any CPU.Build.0 = Release|Any CPU
		{8793F163-7DFA-451F-8179-05DF82CED52C}.Debug|Any CPU.ActiveCfg = Debug|Any CPU
		{8793F163-7DFA-451F-8179-05DF82CED52C}.Debug|Any CPU.Build.0 = Debug|Any CPU
		{8793F163-7DFA-451F-8179-05DF82CED52C}.Release|Any CPU.ActiveCfg = Release|Any CPU
		{8793F163-7DFA-451F-8179-05DF82CED52C}.Release|Any CPU.Build.0 = Release|Any CPU
		{2CB67353-BEBA-447D-8910-6142DE09B383}.Debug|Any CPU.ActiveCfg = Debug|Any CPU
		{2CB67353-BEBA-447D-8910-6142DE09B383}.Debug|Any CPU.Build.0 = Debug|Any CPU
		{2CB67353-BEBA-447D-8910-6142DE09B383}.Release|Any CPU.ActiveCfg = Release|Any CPU
		{2CB67353-BEBA-447D-8910-6142DE09B383}.Release|Any CPU.Build.0 = Release|Any CPU
		{D2332451-A7FE-4586-AE9E-0DCAB0FF1D2E}.Debug|Any CPU.ActiveCfg = Debug|Any CPU
		{D2332451-A7FE-4586-AE9E-0DCAB0FF1D2E}.Debug|Any CPU.Build.0 = Debug|Any CPU
		{D2332451-A7FE-4586-AE9E-0DCAB0FF1D2E}.Release|Any CPU.ActiveCfg = Release|Any CPU
		{D2332451-A7FE-4586-AE9E-0DCAB0FF1D2E}.Release|Any CPU.Build.0 = Release|Any CPU
		{4FC76796-EA68-478F-889C-F87882DDA023}.Debug|Any CPU.ActiveCfg = Debug|Any CPU
		{4FC76796-EA68-478F-889C-F87882DDA023}.Debug|Any CPU.Build.0 = Debug|Any CPU
		{4FC76796-EA68-478F-889C-F87882DDA023}.Release|Any CPU.ActiveCfg = Release|Any CPU
		{4FC76796-EA68-478F-889C-F87882DDA023}.Release|Any CPU.Build.0 = Release|Any CPU
		{EF4CB4C5-6B22-4876-9F87-846ACAB6BE7F}.Debug|Any CPU.ActiveCfg = Debug|Any CPU
		{EF4CB4C5-6B22-4876-9F87-846ACAB6BE7F}.Debug|Any CPU.Build.0 = Debug|Any CPU
		{EF4CB4C5-6B22-4876-9F87-846ACAB6BE7F}.Release|Any CPU.ActiveCfg = Release|Any CPU
		{EF4CB4C5-6B22-4876-9F87-846ACAB6BE7F}.Release|Any CPU.Build.0 = Release|Any CPU
		{2FB82E66-1078-4631-8814-EBED96C6C0B4}.Debug|Any CPU.ActiveCfg = Debug|Any CPU
		{2FB82E66-1078-4631-8814-EBED96C6C0B4}.Debug|Any CPU.Build.0 = Debug|Any CPU
		{2FB82E66-1078-4631-8814-EBED96C6C0B4}.Release|Any CPU.ActiveCfg = Release|Any CPU
		{2FB82E66-1078-4631-8814-EBED96C6C0B4}.Release|Any CPU.Build.0 = Release|Any CPU
		{39E35907-20F6-45CD-AB63-BDC57A6A2D4D}.Debug|Any CPU.ActiveCfg = Debug|Any CPU
		{39E35907-20F6-45CD-AB63-BDC57A6A2D4D}.Debug|Any CPU.Build.0 = Debug|Any CPU
		{39E35907-20F6-45CD-AB63-BDC57A6A2D4D}.Release|Any CPU.ActiveCfg = Release|Any CPU
		{39E35907-20F6-45CD-AB63-BDC57A6A2D4D}.Release|Any CPU.Build.0 = Release|Any CPU
		{614150B7-7072-49BB-82EB-2A4E36A35DF8}.Debug|Any CPU.ActiveCfg = Debug|Any CPU
		{614150B7-7072-49BB-82EB-2A4E36A35DF8}.Debug|Any CPU.Build.0 = Debug|Any CPU
		{614150B7-7072-49BB-82EB-2A4E36A35DF8}.Release|Any CPU.ActiveCfg = Release|Any CPU
		{614150B7-7072-49BB-82EB-2A4E36A35DF8}.Release|Any CPU.Build.0 = Release|Any CPU
	EndGlobalSection
	GlobalSection(SolutionProperties) = preSolution
		HideSolutionNode = FALSE
	EndGlobalSection
	GlobalSection(ExtensibilityGlobals) = postSolution
		SolutionGuid = {B5D79DC0-C54D-4209-BBE0-735DBD252A93}
	EndGlobalSection
EndGlobal
