
Microsoft Visual Studio Solution File, Format Version 12.00
# Visual Studio 15
VisualStudioVersion = 15.0.26730.16
MinimumVisualStudioVersion = 10.0.40219.1
Project("{9A19103F-16F7-4668-BE54-9A1E7A4F7556}") = "CoreSystem.Documentation", "CoreSystem.Documentation\CoreSystem.Documentation.csproj", "{66CB798C-2747-45C2-B107-D371C75ED64B}"
EndProject
Project("{9A19103F-16F7-4668-BE54-9A1E7A4F7556}") = "CoreLibrary.AuthServer", "CoreLibrary.AuthServer\CoreLibrary.AuthServer.csproj", "{8B85ECFD-B759-44FD-8FDE-614AD225833A}"
EndProject
Project("{9A19103F-16F7-4668-BE54-9A1E7A4F7556}") = "CoreLibrary.Cryptography", "CoreLibrary.Cryptography\CoreLibrary.Cryptography.csproj", "{F1C6FBE4-814B-4D6E-97F0-D5070A93DADF}"
EndProject
Project("{9A19103F-16F7-4668-BE54-9A1E7A4F7556}") = "CoreLibrary.NetSecurity", "CoreLibrary.NetSecurity\CoreLibrary.NetSecurity.csproj", "{2C8D3756-46FB-4F9E-BC0E-8A159A3E7981}"
EndProject
Project("{9A19103F-16F7-4668-BE54-9A1E7A4F7556}") = "CoreLibrary.ResourceServer", "CoreLibrary.ResourceServer\CoreLibrary.ResourceServer.csproj", "{0D4AA7FB-C895-4C6A-8C65-5CFA9496A276}"
EndProject
Project("{9A19103F-16F7-4668-BE54-9A1E7A4F7556}") = "CoreSystem.AuthServer", "CoreSystem.AuthServer\CoreSystem.AuthServer.csproj", "{1F059F5C-238C-4033-B530-1145B7748349}"
EndProject
Project("{9A19103F-16F7-4668-BE54-9A1E7A4F7556}") = "CoreSystem.ResourceServer", "CoreSystem.ResourceServer\CoreSystem.ResourceServer.csproj", "{BF6A5E23-65C8-4E1E-802B-5C545A397C87}"
EndProject
Project("{9A19103F-16F7-4668-BE54-9A1E7A4F7556}") = "CoreSystem.FileServer", "CoreSystem.FileServer\CoreSystem.FileServer.csproj", "{8793F163-7DFA-451F-8179-05DF82CED52C}"
EndProject
Project("{9A19103F-16F7-4668-BE54-9A1E7A4F7556}") = "CoreLibrary.EntityFramework", "CoreLibrary.EntityFramework\CoreLibrary.EntityFramework.csproj", "{2CB67353-BEBA-447D-8910-6142DE09B383}"
EndProject
Project("{9A19103F-16F7-4668-BE54-9A1E7A4F7556}") = "CoreLibrary", "CoreLibrary\CoreLibrary.csproj", "{D2332451-A7FE-4586-AE9E-0DCAB0FF1D2E}"
EndProject
Project("{9A19103F-16F7-4668-BE54-9A1E7A4F7556}") = "CoreLibrary.Linq", "CoreLibrary.Linq\CoreLibrary.Linq.csproj", "{4FC76796-EA68-478F-889C-F87882DDA023}"
EndProject
Project("{9A19103F-16F7-4668-BE54-9A1E7A4F7556}") = "CoreSystem", "CoreSystem\CoreSystem.csproj", "{EF4CB4C5-6B22-4876-9F87-846ACAB6BE7F}"
EndProject
Project("{9A19103F-16F7-4668-BE54-9A1E7A4F7556}") = "CoreSystem.EntityFramework", "CoreSystem.EntityFramework\CoreSystem.EntityFramework.csproj", "{2FB82E66-1078-4631-8814-EBED96C6C0B4}"
EndProject
Project("{9A19103F-16F7-4668-BE54-9A1E7A4F7556}") = "CoreSystem.DevDeploy", "CoreSystem.DevDeploy\CoreSystem.DevDeploy.csproj", "{39E35907-20F6-45CD-AB63-BDC57A6A2D4D}"
EndProject
Project("{9A19103F-16F7-4668-BE54-9A1E7A4F7556}") = "CoreLibrary.FileServer", "CoreLibrary.FileServer\CoreLibrary.FileServer.csproj", "{614150B7-7072-49BB-82EB-2A4E36A35DF8}"
EndProject
Project("{9A19103F-16F7-4668-BE54-9A1E7A4F7556}") = "CoreLibrary.Net", "CoreLibrary.Net\CoreLibrary.Net.csproj", "{800EBBF6-9C78-4F95-B6D2-7322E868E40C}"
EndProject
Project("{9A19103F-16F7-4668-BE54-9A1E7A4F7556}") = "Tests", "Tests\Tests.csproj", "{019F72BC-A090-49C0-A597-2B40E4AFCA76}"
EndProject
Project("{9A19103F-16F7-4668-BE54-9A1E7A4F7556}") = "CoreLibrary.Net.Sockets", "CoreLibrary.Net.Sockets\CoreLibrary.Net.Sockets.csproj", "{D3A70280-FDAD-48E3-A97E-80AD3536B712}"
EndProject
Project("{9A19103F-16F7-4668-BE54-9A1E7A4F7556}") = "CoreSystemConsoleApp", "CoreSystemConsoleApp\CoreSystemConsoleApp.csproj", "{FFBD3EC0-B9AB-4110-B442-228B1D5D9F25}"
EndProject
Project("{9A19103F-16F7-4668-BE54-9A1E7A4F7556}") = "CoreSystem.AuthServer2", "CoreSystem.AuthServer2\CoreSystem.AuthServer2.csproj", "{7BA79B53-83BA-455E-BFEA-413D8A8E86B1}"
EndProject
Project("{9A19103F-16F7-4668-BE54-9A1E7A4F7556}") = "CoreSystem.FileServer2", "CoreSystem.FileServer2\CoreSystem.FileServer2.csproj", "{93421D4D-C0F4-47CA-9698-2892069C3571}"
EndProject
Project("{9A19103F-16F7-4668-BE54-9A1E7A4F7556}") = "CoreSystem.ResourceServer2", "CoreSystem.ResourceServer2\CoreSystem.ResourceServer2.csproj", "{E0ED43E9-66E5-485E-BEFB-9E3FC6D2F5B5}"
EndProject
Project("{9A19103F-16F7-4668-BE54-9A1E7A4F7556}") = "CoreSystem.DevDeploy2", "CoreSystem.DevDeploy2\CoreSystem.DevDeploy2.csproj", "{2630918B-6350-4F16-886B-10A34104B0EA}"
EndProject
Project("{9A19103F-16F7-4668-BE54-9A1E7A4F7556}") = "FCore.Foundations", "FCore.Foundations\FCore.Foundations.csproj", "{67F054C3-8682-4BFF-AF68-BBA5A945821B}"
EndProject
Project("{9A19103F-16F7-4668-BE54-9A1E7A4F7556}") = "FCore.Cryptography", "FCore.Cryptography\FCore.Cryptography.csproj", "{694FA503-0966-469A-B99D-73D8D9923BB2}"
EndProject
Project("{FAE04EC0-301F-11D3-BF4B-00C04F79EFBC}") = "FCore.Net", "FCore.Net\FCore.Net.csproj", "{412379E7-F15C-4341-AC6E-1A2BAE15363B}"
EndProject
Project("{FAE04EC0-301F-11D3-BF4B-00C04F79EFBC}") = "FCore.Net.Security", "FCore.Net.Security\FCore.Net.Security.csproj", "{DB3F4983-36C7-4582-8E29-6204E1B44939}"
EndProject
Project("{FAE04EC0-301F-11D3-BF4B-00C04F79EFBC}") = "FCore.AuthServer", "FCore.AuthServer\FCore.AuthServer.csproj", "{26168AB1-9579-4239-AD48-FD8AD2933111}"
EndProject
Global
	GlobalSection(SolutionConfigurationPlatforms) = preSolution
		Debug|Any CPU = Debug|Any CPU
		Release|Any CPU = Release|Any CPU
	EndGlobalSection
	GlobalSection(ProjectConfigurationPlatforms) = postSolution
		{66CB798C-2747-45C2-B107-D371C75ED64B}.Debug|Any CPU.ActiveCfg = Debug|Any CPU
		{66CB798C-2747-45C2-B107-D371C75ED64B}.Debug|Any CPU.Build.0 = Debug|Any CPU
		{66CB798C-2747-45C2-B107-D371C75ED64B}.Release|Any CPU.ActiveCfg = Release|Any CPU
		{66CB798C-2747-45C2-B107-D371C75ED64B}.Release|Any CPU.Build.0 = Release|Any CPU
		{8B85ECFD-B759-44FD-8FDE-614AD225833A}.Debug|Any CPU.ActiveCfg = Debug|Any CPU
		{8B85ECFD-B759-44FD-8FDE-614AD225833A}.Debug|Any CPU.Build.0 = Debug|Any CPU
		{8B85ECFD-B759-44FD-8FDE-614AD225833A}.Release|Any CPU.ActiveCfg = Release|Any CPU
		{8B85ECFD-B759-44FD-8FDE-614AD225833A}.Release|Any CPU.Build.0 = Release|Any CPU
		{F1C6FBE4-814B-4D6E-97F0-D5070A93DADF}.Debug|Any CPU.ActiveCfg = Debug|Any CPU
		{F1C6FBE4-814B-4D6E-97F0-D5070A93DADF}.Debug|Any CPU.Build.0 = Debug|Any CPU
		{F1C6FBE4-814B-4D6E-97F0-D5070A93DADF}.Release|Any CPU.ActiveCfg = Release|Any CPU
		{F1C6FBE4-814B-4D6E-97F0-D5070A93DADF}.Release|Any CPU.Build.0 = Release|Any CPU
		{2C8D3756-46FB-4F9E-BC0E-8A159A3E7981}.Debug|Any CPU.ActiveCfg = Debug|Any CPU
		{2C8D3756-46FB-4F9E-BC0E-8A159A3E7981}.Debug|Any CPU.Build.0 = Debug|Any CPU
		{2C8D3756-46FB-4F9E-BC0E-8A159A3E7981}.Release|Any CPU.ActiveCfg = Release|Any CPU
		{2C8D3756-46FB-4F9E-BC0E-8A159A3E7981}.Release|Any CPU.Build.0 = Release|Any CPU
		{0D4AA7FB-C895-4C6A-8C65-5CFA9496A276}.Debug|Any CPU.ActiveCfg = Debug|Any CPU
		{0D4AA7FB-C895-4C6A-8C65-5CFA9496A276}.Debug|Any CPU.Build.0 = Debug|Any CPU
		{0D4AA7FB-C895-4C6A-8C65-5CFA9496A276}.Release|Any CPU.ActiveCfg = Release|Any CPU
		{0D4AA7FB-C895-4C6A-8C65-5CFA9496A276}.Release|Any CPU.Build.0 = Release|Any CPU
		{1F059F5C-238C-4033-B530-1145B7748349}.Debug|Any CPU.ActiveCfg = Debug|Any CPU
		{1F059F5C-238C-4033-B530-1145B7748349}.Debug|Any CPU.Build.0 = Debug|Any CPU
		{1F059F5C-238C-4033-B530-1145B7748349}.Release|Any CPU.ActiveCfg = Release|Any CPU
		{1F059F5C-238C-4033-B530-1145B7748349}.Release|Any CPU.Build.0 = Release|Any CPU
		{BF6A5E23-65C8-4E1E-802B-5C545A397C87}.Debug|Any CPU.ActiveCfg = Debug|Any CPU
		{BF6A5E23-65C8-4E1E-802B-5C545A397C87}.Debug|Any CPU.Build.0 = Debug|Any CPU
		{BF6A5E23-65C8-4E1E-802B-5C545A397C87}.Release|Any CPU.ActiveCfg = Release|Any CPU
		{BF6A5E23-65C8-4E1E-802B-5C545A397C87}.Release|Any CPU.Build.0 = Release|Any CPU
		{8793F163-7DFA-451F-8179-05DF82CED52C}.Debug|Any CPU.ActiveCfg = Debug|Any CPU
		{8793F163-7DFA-451F-8179-05DF82CED52C}.Debug|Any CPU.Build.0 = Debug|Any CPU
		{8793F163-7DFA-451F-8179-05DF82CED52C}.Release|Any CPU.ActiveCfg = Release|Any CPU
		{8793F163-7DFA-451F-8179-05DF82CED52C}.Release|Any CPU.Build.0 = Release|Any CPU
		{2CB67353-BEBA-447D-8910-6142DE09B383}.Debug|Any CPU.ActiveCfg = Debug|Any CPU
		{2CB67353-BEBA-447D-8910-6142DE09B383}.Debug|Any CPU.Build.0 = Debug|Any CPU
		{2CB67353-BEBA-447D-8910-6142DE09B383}.Release|Any CPU.ActiveCfg = Release|Any CPU
		{2CB67353-BEBA-447D-8910-6142DE09B383}.Release|Any CPU.Build.0 = Release|Any CPU
		{D2332451-A7FE-4586-AE9E-0DCAB0FF1D2E}.Debug|Any CPU.ActiveCfg = Debug|Any CPU
		{D2332451-A7FE-4586-AE9E-0DCAB0FF1D2E}.Debug|Any CPU.Build.0 = Debug|Any CPU
		{D2332451-A7FE-4586-AE9E-0DCAB0FF1D2E}.Release|Any CPU.ActiveCfg = Release|Any CPU
		{D2332451-A7FE-4586-AE9E-0DCAB0FF1D2E}.Release|Any CPU.Build.0 = Release|Any CPU
		{4FC76796-EA68-478F-889C-F87882DDA023}.Debug|Any CPU.ActiveCfg = Debug|Any CPU
		{4FC76796-EA68-478F-889C-F87882DDA023}.Debug|Any CPU.Build.0 = Debug|Any CPU
		{4FC76796-EA68-478F-889C-F87882DDA023}.Release|Any CPU.ActiveCfg = Release|Any CPU
		{4FC76796-EA68-478F-889C-F87882DDA023}.Release|Any CPU.Build.0 = Release|Any CPU
		{EF4CB4C5-6B22-4876-9F87-846ACAB6BE7F}.Debug|Any CPU.ActiveCfg = Debug|Any CPU
		{EF4CB4C5-6B22-4876-9F87-846ACAB6BE7F}.Debug|Any CPU.Build.0 = Debug|Any CPU
		{EF4CB4C5-6B22-4876-9F87-846ACAB6BE7F}.Release|Any CPU.ActiveCfg = Release|Any CPU
		{EF4CB4C5-6B22-4876-9F87-846ACAB6BE7F}.Release|Any CPU.Build.0 = Release|Any CPU
		{2FB82E66-1078-4631-8814-EBED96C6C0B4}.Debug|Any CPU.ActiveCfg = Debug|Any CPU
		{2FB82E66-1078-4631-8814-EBED96C6C0B4}.Debug|Any CPU.Build.0 = Debug|Any CPU
		{2FB82E66-1078-4631-8814-EBED96C6C0B4}.Release|Any CPU.ActiveCfg = Release|Any CPU
		{2FB82E66-1078-4631-8814-EBED96C6C0B4}.Release|Any CPU.Build.0 = Release|Any CPU
		{39E35907-20F6-45CD-AB63-BDC57A6A2D4D}.Debug|Any CPU.ActiveCfg = Debug|Any CPU
		{39E35907-20F6-45CD-AB63-BDC57A6A2D4D}.Debug|Any CPU.Build.0 = Debug|Any CPU
		{39E35907-20F6-45CD-AB63-BDC57A6A2D4D}.Release|Any CPU.ActiveCfg = Release|Any CPU
		{39E35907-20F6-45CD-AB63-BDC57A6A2D4D}.Release|Any CPU.Build.0 = Release|Any CPU
		{614150B7-7072-49BB-82EB-2A4E36A35DF8}.Debug|Any CPU.ActiveCfg = Debug|Any CPU
		{614150B7-7072-49BB-82EB-2A4E36A35DF8}.Debug|Any CPU.Build.0 = Debug|Any CPU
		{614150B7-7072-49BB-82EB-2A4E36A35DF8}.Release|Any CPU.ActiveCfg = Release|Any CPU
		{614150B7-7072-49BB-82EB-2A4E36A35DF8}.Release|Any CPU.Build.0 = Release|Any CPU
		{800EBBF6-9C78-4F95-B6D2-7322E868E40C}.Debug|Any CPU.ActiveCfg = Debug|Any CPU
		{800EBBF6-9C78-4F95-B6D2-7322E868E40C}.Debug|Any CPU.Build.0 = Debug|Any CPU
		{800EBBF6-9C78-4F95-B6D2-7322E868E40C}.Release|Any CPU.ActiveCfg = Release|Any CPU
		{800EBBF6-9C78-4F95-B6D2-7322E868E40C}.Release|Any CPU.Build.0 = Release|Any CPU
		{019F72BC-A090-49C0-A597-2B40E4AFCA76}.Debug|Any CPU.ActiveCfg = Debug|Any CPU
		{019F72BC-A090-49C0-A597-2B40E4AFCA76}.Debug|Any CPU.Build.0 = Debug|Any CPU
		{019F72BC-A090-49C0-A597-2B40E4AFCA76}.Release|Any CPU.ActiveCfg = Release|Any CPU
		{019F72BC-A090-49C0-A597-2B40E4AFCA76}.Release|Any CPU.Build.0 = Release|Any CPU
		{D3A70280-FDAD-48E3-A97E-80AD3536B712}.Debug|Any CPU.ActiveCfg = Debug|Any CPU
		{D3A70280-FDAD-48E3-A97E-80AD3536B712}.Debug|Any CPU.Build.0 = Debug|Any CPU
		{D3A70280-FDAD-48E3-A97E-80AD3536B712}.Release|Any CPU.ActiveCfg = Release|Any CPU
		{D3A70280-FDAD-48E3-A97E-80AD3536B712}.Release|Any CPU.Build.0 = Release|Any CPU
		{FFBD3EC0-B9AB-4110-B442-228B1D5D9F25}.Debug|Any CPU.ActiveCfg = Debug|Any CPU
		{FFBD3EC0-B9AB-4110-B442-228B1D5D9F25}.Debug|Any CPU.Build.0 = Debug|Any CPU
		{FFBD3EC0-B9AB-4110-B442-228B1D5D9F25}.Release|Any CPU.ActiveCfg = Release|Any CPU
		{FFBD3EC0-B9AB-4110-B442-228B1D5D9F25}.Release|Any CPU.Build.0 = Release|Any CPU
		{7BA79B53-83BA-455E-BFEA-413D8A8E86B1}.Debug|Any CPU.ActiveCfg = Debug|Any CPU
		{7BA79B53-83BA-455E-BFEA-413D8A8E86B1}.Debug|Any CPU.Build.0 = Debug|Any CPU
		{7BA79B53-83BA-455E-BFEA-413D8A8E86B1}.Release|Any CPU.ActiveCfg = Release|Any CPU
		{7BA79B53-83BA-455E-BFEA-413D8A8E86B1}.Release|Any CPU.Build.0 = Release|Any CPU
		{93421D4D-C0F4-47CA-9698-2892069C3571}.Debug|Any CPU.ActiveCfg = Debug|Any CPU
		{93421D4D-C0F4-47CA-9698-2892069C3571}.Debug|Any CPU.Build.0 = Debug|Any CPU
		{93421D4D-C0F4-47CA-9698-2892069C3571}.Release|Any CPU.ActiveCfg = Release|Any CPU
		{93421D4D-C0F4-47CA-9698-2892069C3571}.Release|Any CPU.Build.0 = Release|Any CPU
		{E0ED43E9-66E5-485E-BEFB-9E3FC6D2F5B5}.Debug|Any CPU.ActiveCfg = Debug|Any CPU
		{E0ED43E9-66E5-485E-BEFB-9E3FC6D2F5B5}.Debug|Any CPU.Build.0 = Debug|Any CPU
		{E0ED43E9-66E5-485E-BEFB-9E3FC6D2F5B5}.Release|Any CPU.ActiveCfg = Release|Any CPU
		{E0ED43E9-66E5-485E-BEFB-9E3FC6D2F5B5}.Release|Any CPU.Build.0 = Release|Any CPU
		{2630918B-6350-4F16-886B-10A34104B0EA}.Debug|Any CPU.ActiveCfg = Debug|Any CPU
		{2630918B-6350-4F16-886B-10A34104B0EA}.Debug|Any CPU.Build.0 = Debug|Any CPU
		{2630918B-6350-4F16-886B-10A34104B0EA}.Release|Any CPU.ActiveCfg = Release|Any CPU
		{2630918B-6350-4F16-886B-10A34104B0EA}.Release|Any CPU.Build.0 = Release|Any CPU
		{67F054C3-8682-4BFF-AF68-BBA5A945821B}.Debug|Any CPU.ActiveCfg = Debug|Any CPU
		{67F054C3-8682-4BFF-AF68-BBA5A945821B}.Debug|Any CPU.Build.0 = Debug|Any CPU
		{67F054C3-8682-4BFF-AF68-BBA5A945821B}.Release|Any CPU.ActiveCfg = Release|Any CPU
		{67F054C3-8682-4BFF-AF68-BBA5A945821B}.Release|Any CPU.Build.0 = Release|Any CPU
		{694FA503-0966-469A-B99D-73D8D9923BB2}.Debug|Any CPU.ActiveCfg = Debug|Any CPU
		{694FA503-0966-469A-B99D-73D8D9923BB2}.Debug|Any CPU.Build.0 = Debug|Any CPU
		{694FA503-0966-469A-B99D-73D8D9923BB2}.Release|Any CPU.ActiveCfg = Release|Any CPU
		{694FA503-0966-469A-B99D-73D8D9923BB2}.Release|Any CPU.Build.0 = Release|Any CPU
		{412379E7-F15C-4341-AC6E-1A2BAE15363B}.Debug|Any CPU.ActiveCfg = Debug|Any CPU
		{412379E7-F15C-4341-AC6E-1A2BAE15363B}.Debug|Any CPU.Build.0 = Debug|Any CPU
		{412379E7-F15C-4341-AC6E-1A2BAE15363B}.Release|Any CPU.ActiveCfg = Release|Any CPU
		{412379E7-F15C-4341-AC6E-1A2BAE15363B}.Release|Any CPU.Build.0 = Release|Any CPU
		{DB3F4983-36C7-4582-8E29-6204E1B44939}.Debug|Any CPU.ActiveCfg = Debug|Any CPU
		{DB3F4983-36C7-4582-8E29-6204E1B44939}.Debug|Any CPU.Build.0 = Debug|Any CPU
		{DB3F4983-36C7-4582-8E29-6204E1B44939}.Release|Any CPU.ActiveCfg = Release|Any CPU
		{DB3F4983-36C7-4582-8E29-6204E1B44939}.Release|Any CPU.Build.0 = Release|Any CPU
		{26168AB1-9579-4239-AD48-FD8AD2933111}.Debug|Any CPU.ActiveCfg = Debug|Any CPU
		{26168AB1-9579-4239-AD48-FD8AD2933111}.Debug|Any CPU.Build.0 = Debug|Any CPU
		{26168AB1-9579-4239-AD48-FD8AD2933111}.Release|Any CPU.ActiveCfg = Release|Any CPU
		{26168AB1-9579-4239-AD48-FD8AD2933111}.Release|Any CPU.Build.0 = Release|Any CPU
	EndGlobalSection
	GlobalSection(SolutionProperties) = preSolution
		HideSolutionNode = FALSE
	EndGlobalSection
	GlobalSection(ExtensibilityGlobals) = postSolution
		SolutionGuid = {B5D79DC0-C54D-4209-BBE0-735DBD252A93}
	EndGlobalSection
EndGlobal
